
Microsoft Visual Studio Solution File, Format Version 12.00
# Visual Studio Version 17
VisualStudioVersion = 17.9.34728.123
MinimumVisualStudioVersion = 10.0.40219.1
Project("{9A19103F-16F7-4668-BE54-9A1E7A4F7556}") = "LAB_6", "LAB_6.csproj", "{23AC6136-1D0F-4F3A-9B6E-BE3BC73DE2E0}"
EndProject
Global
	GlobalSection(SolutionConfigurationPlatforms) = preSolution
		Debug|Any CPU = Debug|Any CPU
		Release|Any CPU = Release|Any CPU
	EndGlobalSection
	GlobalSection(ProjectConfigurationPlatforms) = postSolution
		{23AC6136-1D0F-4F3A-9B6E-BE3BC73DE2E0}.Debug|Any CPU.ActiveCfg = Release|Any CPU
		{23AC6136-1D0F-4F3A-9B6E-BE3BC73DE2E0}.Debug|Any CPU.Build.0 = Release|Any CPU
		{23AC6136-1D0F-4F3A-9B6E-BE3BC73DE2E0}.Release|Any CPU.ActiveCfg = Release|Any CPU
		{23AC6136-1D0F-4F3A-9B6E-BE3BC73DE2E0}.Release|Any CPU.Build.0 = Release|Any CPU
	EndGlobalSection
	GlobalSection(SolutionProperties) = preSolution
		HideSolutionNode = FALSE
	EndGlobalSection
	GlobalSection(ExtensibilityGlobals) = postSolution
		SolutionGuid = {9CBB1091-D8ED-4199-BD80-A3B180CD30B3}
	EndGlobalSection
EndGlobal
